
Microsoft Visual Studio Solution File, Format Version 12.00
# Visual Studio Version 17
VisualStudioVersion = 17.0.32112.339
MinimumVisualStudioVersion = 10.0.40219.1
Project("{9A19103F-16F7-4668-BE54-9A1E7A4F7556}") = "WebApp", "WebApp\WebApp.csproj", "{BBF91812-CF98-4B78-BC69-BC5A6D2AE23F}"
EndProject
Project("{FAE04EC0-301F-11D3-BF4B-00C04F79EFBC}") = "WebApi", "WebApi\WebApi.csproj", "{7AFADC76-0913-4C62-ADE9-AA8A63E2E060}"
EndProject
Global
	GlobalSection(SolutionConfigurationPlatforms) = preSolution
		Debug|Any CPU = Debug|Any CPU
		Release|Any CPU = Release|Any CPU
	EndGlobalSection
	GlobalSection(ProjectConfigurationPlatforms) = postSolution
		{BBF91812-CF98-4B78-BC69-BC5A6D2AE23F}.Debug|Any CPU.ActiveCfg = Debug|Any CPU
		{BBF91812-CF98-4B78-BC69-BC5A6D2AE23F}.Debug|Any CPU.Build.0 = Debug|Any CPU
		{BBF91812-CF98-4B78-BC69-BC5A6D2AE23F}.Release|Any CPU.ActiveCfg = Release|Any CPU
		{BBF91812-CF98-4B78-BC69-BC5A6D2AE23F}.Release|Any CPU.Build.0 = Release|Any CPU
		{7AFADC76-0913-4C62-ADE9-AA8A63E2E060}.Debug|Any CPU.ActiveCfg = Debug|Any CPU
		{7AFADC76-0913-4C62-ADE9-AA8A63E2E060}.Debug|Any CPU.Build.0 = Debug|Any CPU
		{7AFADC76-0913-4C62-ADE9-AA8A63E2E060}.Release|Any CPU.ActiveCfg = Release|Any CPU
		{7AFADC76-0913-4C62-ADE9-AA8A63E2E060}.Release|Any CPU.Build.0 = Release|Any CPU
	EndGlobalSection
	GlobalSection(SolutionProperties) = preSolution
		HideSolutionNode = FALSE
	EndGlobalSection
	GlobalSection(ExtensibilityGlobals) = postSolution
		SolutionGuid = {C593F81D-1BA2-4AB6-BCFB-7406C314CBF0}
	EndGlobalSection
EndGlobal
